
Microsoft Visual Studio Solution File, Format Version 12.00
# Visual Studio 2012
Project("{FAE04EC0-301F-11D3-BF4B-00C04F79EFBC}") = "Snitz.SQLServerDAL", "DataAccessLayer\Snitz.SQLServerDAL\Snitz.SQLServerDAL.csproj", "{769B1FC3-DFA1-4C8C-B720-33D9375543E7}"
EndProject
Global
	GlobalSection(SolutionConfigurationPlatforms) = preSolution
		Debug|Any CPU = Debug|Any CPU
		Release|Any CPU = Release|Any CPU
	EndGlobalSection
	GlobalSection(ProjectConfigurationPlatforms) = postSolution
		{769B1FC3-DFA1-4C8C-B720-33D9375543E7}.Debug|Any CPU.ActiveCfg = Debug|Any CPU
		{769B1FC3-DFA1-4C8C-B720-33D9375543E7}.Debug|Any CPU.Build.0 = Debug|Any CPU
		{769B1FC3-DFA1-4C8C-B720-33D9375543E7}.Release|Any CPU.ActiveCfg = Release|Any CPU
		{769B1FC3-DFA1-4C8C-B720-33D9375543E7}.Release|Any CPU.Build.0 = Release|Any CPU
	EndGlobalSection
	GlobalSection(SolutionProperties) = preSolution
		HideSolutionNode = FALSE
	EndGlobalSection
EndGlobal
