
Microsoft Visual Studio Solution File, Format Version 12.00
# Visual Studio 2012
Project("{FAE04EC0-301F-11D3-BF4B-00C04F79EFBC}") = "Snitz.Config", "Snitz.Config\Snitz.Config.csproj", "{EAAC5B1E-E704-4233-97CE-9FD309CEBD9F}"
EndProject
Project("{FAE04EC0-301F-11D3-BF4B-00C04F79EFBC}") = "Snitz.Membership", "Snitz.Membership\Snitz.Membership.csproj", "{7E2A124A-D5D5-4971-B1FF-408EFD3B331E}"
EndProject
Project("{FAE04EC0-301F-11D3-BF4B-00C04F79EFBC}") = "Snitz.Base", "Snitz.Base\Snitz.Base.csproj", "{0CBDEC20-F26F-49BA-BC77-BCF0234CDC4A}"
EndProject
Project("{FAE04EC0-301F-11D3-BF4B-00C04F79EFBC}") = "Snitz.Common", "Snitz.Common\Snitz.Common.csproj", "{34E1755A-66A9-4428-B8D3-B3C32AA8A4B5}"
EndProject
Project("{FAE04EC0-301F-11D3-BF4B-00C04F79EFBC}") = "jquery.spellchecker", "jquery.spellchecker\jquery.spellchecker.csproj", "{5C790F5D-25FB-48E3-8564-D8C618F3F89B}"
EndProject
Project("{FAE04EC0-301F-11D3-BF4B-00C04F79EFBC}") = "Snitz.Web", "Snitz.Web\Snitz.Web.csproj", "{91868391-3B20-4A10-9DD7-AB2C2EE9B3A8}"
	ProjectSection(ProjectDependencies) = postProject
		{11BB8CCB-CA05-44B6-BB16-18107F00E60D} = {11BB8CCB-CA05-44B6-BB16-18107F00E60D}
	EndProjectSection
EndProject
Project("{FAE04EC0-301F-11D3-BF4B-00C04F79EFBC}") = "Snitz.EventsCalendar.UI", "Plugins\EventCalendar\Snitz.EventsCalendar.UI\Snitz.EventsCalendar.UI.csproj", "{11BB8CCB-CA05-44B6-BB16-18107F00E60D}"
EndProject
Project("{FAE04EC0-301F-11D3-BF4B-00C04F79EFBC}") = "Snitz.Controls.Thirdparty", "Snitz.ThirdParty\Snitz.Controls.Thirdparty.csproj", "{21797D78-2887-460F-9E7E-5360A16C6DCE}"
EndProject
Project("{2150E333-8FDC-42A3-9474-1A3956D46DE8}") = "Dependency", "Dependency", "{2B0A8785-BE3A-4B88-A8CA-42EF44E93ECD}"
	ProjectSection(SolutionItems) = preProject
		copyright.snippet = copyright.snippet
		Dependency\Cryptos.dll = Dependency\Cryptos.dll
		Dependency\CSSFriendly.dll = Dependency\CSSFriendly.dll
		Dependency\RealWorld.Grids.dll = Dependency\RealWorld.Grids.dll
		Dependency\WebOptimizer.dll = Dependency\WebOptimizer.dll
	EndProjectSection
EndProject
Project("{2150E333-8FDC-42A3-9474-1A3956D46DE8}") = "Libraries", "Libraries", "{A42282FC-BA7B-4F10-9208-CF27ADD75781}"
EndProject
Project("{2150E333-8FDC-42A3-9474-1A3956D46DE8}") = "Plugins", "Plugins", "{F4AF5966-D017-48B8-ADF0-4E764E9470E1}"
EndProject
Project("{FAE04EC0-301F-11D3-BF4B-00C04F79EFBC}") = "Snitz.Entities", "Snitz.Entities\Snitz.Entities.csproj", "{3812BF2A-26F5-4CD0-AA7D-AC85BA726A96}"
EndProject
Project("{FAE04EC0-301F-11D3-BF4B-00C04F79EFBC}") = "Snitz.BusinessLayer", "Snitz.BLL\Snitz.BusinessLayer.csproj", "{531B229D-52EF-458E-91C8-F7BC64FB38C3}"
EndProject
Project("{FAE04EC0-301F-11D3-BF4B-00C04F79EFBC}") = "Snitz.IDAL", "DataAccessLayer\Snitz.IDAL\Snitz.IDAL.csproj", "{BFD397A4-42A3-4C42-9563-569B3D0B6B9A}"
EndProject
Project("{2150E333-8FDC-42A3-9474-1A3956D46DE8}") = "DataAccess", "DataAccess", "{E2B61D84-AC66-4FD2-A555-B356FB302AE6}"
EndProject
Project("{FAE04EC0-301F-11D3-BF4B-00C04F79EFBC}") = "Snitz.SQLServerDAL", "DataAccessLayer\Snitz.SQLServerDAL\Snitz.SQLServerDAL.csproj", "{769B1FC3-DFA1-4C8C-B720-33D9375543E7}"
EndProject
Project("{2150E333-8FDC-42A3-9474-1A3956D46DE8}") = "EventCalendar", "EventCalendar", "{4F5FB4DD-52CD-4FA6-9177-A994A6AAA2E5}"
EndProject
Project("{FAE04EC0-301F-11D3-BF4B-00C04F79EFBC}") = "Snitz.EventsCalendar.IDAL", "Snitz.EventsCalendar.IDAL\Snitz.EventsCalendar.IDAL.csproj", "{38F151D1-752F-4E52-A448-7457D68C394E}"
EndProject
Project("{FAE04EC0-301F-11D3-BF4B-00C04F79EFBC}") = "Snitz.EventsCalendar.BLL", "Snitz.EventsCalendar.BLL\Snitz.EventsCalendar.BLL.csproj", "{EBFE276B-4913-4E1D-A19E-C917C4F97A95}"
EndProject
Project("{FAE04EC0-301F-11D3-BF4B-00C04F79EFBC}") = "Snitz.EventsCalendar.SQLServerDAL", "Snitz.EventsCalendar.SQLServerDAL\Snitz.EventsCalendar.SQLServerDAL.csproj", "{714439F4-8CBD-4A83-BD10-844E804EAD0A}"
EndProject
Project("{FAE04EC0-301F-11D3-BF4B-00C04F79EFBC}") = "Snitz.EventsCalendar.Common", "Snitz.EventsCalendar.Common\Snitz.EventsCalendar.Common.csproj", "{9A4FCF60-FC99-46F3-A405-8B8751D46DF2}"
EndProject
Project("{FAE04EC0-301F-11D3-BF4B-00C04F79EFBC}") = "Snitz.Membership.SQLServerDAL", "Snitz.Membership.SQLServerDAL\Snitz.Membership.SQLServerDAL.csproj", "{568F3BD9-067B-4C26-8024-F307416409DF}"
EndProject
Project("{FAE04EC0-301F-11D3-BF4B-00C04F79EFBC}") = "Snitz.Membership.IDal", "Snitz.Membership.IDal\Snitz.Membership.IDal.csproj", "{A0C1364E-09E1-429F-888F-7F9B26C77527}"
EndProject
Project("{2150E333-8FDC-42A3-9474-1A3956D46DE8}") = "AspNet Membership Provider", "AspNet Membership Provider", "{0027F34B-10AA-4B2D-97DC-073D70E52B83}"
EndProject
Global
	GlobalSection(SolutionConfigurationPlatforms) = preSolution
		Debug|Any CPU = Debug|Any CPU
		Release|Any CPU = Release|Any CPU
	EndGlobalSection
	GlobalSection(ProjectConfigurationPlatforms) = postSolution
		{EAAC5B1E-E704-4233-97CE-9FD309CEBD9F}.Debug|Any CPU.ActiveCfg = Debug|Any CPU
		{EAAC5B1E-E704-4233-97CE-9FD309CEBD9F}.Debug|Any CPU.Build.0 = Debug|Any CPU
		{EAAC5B1E-E704-4233-97CE-9FD309CEBD9F}.Release|Any CPU.ActiveCfg = Release|Any CPU
		{EAAC5B1E-E704-4233-97CE-9FD309CEBD9F}.Release|Any CPU.Build.0 = Release|Any CPU
		{7E2A124A-D5D5-4971-B1FF-408EFD3B331E}.Debug|Any CPU.ActiveCfg = Debug|Any CPU
		{7E2A124A-D5D5-4971-B1FF-408EFD3B331E}.Debug|Any CPU.Build.0 = Debug|Any CPU
		{7E2A124A-D5D5-4971-B1FF-408EFD3B331E}.Release|Any CPU.ActiveCfg = Release|Any CPU
		{7E2A124A-D5D5-4971-B1FF-408EFD3B331E}.Release|Any CPU.Build.0 = Release|Any CPU
		{0CBDEC20-F26F-49BA-BC77-BCF0234CDC4A}.Debug|Any CPU.ActiveCfg = Debug|Any CPU
		{0CBDEC20-F26F-49BA-BC77-BCF0234CDC4A}.Debug|Any CPU.Build.0 = Debug|Any CPU
		{0CBDEC20-F26F-49BA-BC77-BCF0234CDC4A}.Release|Any CPU.ActiveCfg = Release|Any CPU
		{0CBDEC20-F26F-49BA-BC77-BCF0234CDC4A}.Release|Any CPU.Build.0 = Release|Any CPU
		{34E1755A-66A9-4428-B8D3-B3C32AA8A4B5}.Debug|Any CPU.ActiveCfg = Debug|Any CPU
		{34E1755A-66A9-4428-B8D3-B3C32AA8A4B5}.Debug|Any CPU.Build.0 = Debug|Any CPU
		{34E1755A-66A9-4428-B8D3-B3C32AA8A4B5}.Release|Any CPU.ActiveCfg = Release|Any CPU
		{34E1755A-66A9-4428-B8D3-B3C32AA8A4B5}.Release|Any CPU.Build.0 = Release|Any CPU
		{5C790F5D-25FB-48E3-8564-D8C618F3F89B}.Debug|Any CPU.ActiveCfg = Debug|Any CPU
		{5C790F5D-25FB-48E3-8564-D8C618F3F89B}.Debug|Any CPU.Build.0 = Debug|Any CPU
		{5C790F5D-25FB-48E3-8564-D8C618F3F89B}.Release|Any CPU.ActiveCfg = Release|Any CPU
		{5C790F5D-25FB-48E3-8564-D8C618F3F89B}.Release|Any CPU.Build.0 = Release|Any CPU
		{91868391-3B20-4A10-9DD7-AB2C2EE9B3A8}.Debug|Any CPU.ActiveCfg = Debug|Any CPU
		{91868391-3B20-4A10-9DD7-AB2C2EE9B3A8}.Debug|Any CPU.Build.0 = Debug|Any CPU
		{91868391-3B20-4A10-9DD7-AB2C2EE9B3A8}.Release|Any CPU.ActiveCfg = Release|Any CPU
		{91868391-3B20-4A10-9DD7-AB2C2EE9B3A8}.Release|Any CPU.Build.0 = Release|Any CPU
		{11BB8CCB-CA05-44B6-BB16-18107F00E60D}.Debug|Any CPU.ActiveCfg = Debug|Any CPU
		{11BB8CCB-CA05-44B6-BB16-18107F00E60D}.Debug|Any CPU.Build.0 = Debug|Any CPU
		{11BB8CCB-CA05-44B6-BB16-18107F00E60D}.Release|Any CPU.ActiveCfg = Release|Any CPU
		{11BB8CCB-CA05-44B6-BB16-18107F00E60D}.Release|Any CPU.Build.0 = Release|Any CPU
		{21797D78-2887-460F-9E7E-5360A16C6DCE}.Debug|Any CPU.ActiveCfg = Debug|Any CPU
		{21797D78-2887-460F-9E7E-5360A16C6DCE}.Debug|Any CPU.Build.0 = Debug|Any CPU
		{21797D78-2887-460F-9E7E-5360A16C6DCE}.Release|Any CPU.ActiveCfg = Release|Any CPU
		{21797D78-2887-460F-9E7E-5360A16C6DCE}.Release|Any CPU.Build.0 = Release|Any CPU
		{3812BF2A-26F5-4CD0-AA7D-AC85BA726A96}.Debug|Any CPU.ActiveCfg = Debug|Any CPU
		{3812BF2A-26F5-4CD0-AA7D-AC85BA726A96}.Debug|Any CPU.Build.0 = Debug|Any CPU
		{3812BF2A-26F5-4CD0-AA7D-AC85BA726A96}.Release|Any CPU.ActiveCfg = Release|Any CPU
		{3812BF2A-26F5-4CD0-AA7D-AC85BA726A96}.Release|Any CPU.Build.0 = Release|Any CPU
		{531B229D-52EF-458E-91C8-F7BC64FB38C3}.Debug|Any CPU.ActiveCfg = Debug|Any CPU
		{531B229D-52EF-458E-91C8-F7BC64FB38C3}.Debug|Any CPU.Build.0 = Debug|Any CPU
		{531B229D-52EF-458E-91C8-F7BC64FB38C3}.Release|Any CPU.ActiveCfg = Release|Any CPU
		{531B229D-52EF-458E-91C8-F7BC64FB38C3}.Release|Any CPU.Build.0 = Release|Any CPU
		{BFD397A4-42A3-4C42-9563-569B3D0B6B9A}.Debug|Any CPU.ActiveCfg = Debug|Any CPU
		{BFD397A4-42A3-4C42-9563-569B3D0B6B9A}.Debug|Any CPU.Build.0 = Debug|Any CPU
		{BFD397A4-42A3-4C42-9563-569B3D0B6B9A}.Release|Any CPU.ActiveCfg = Release|Any CPU
		{BFD397A4-42A3-4C42-9563-569B3D0B6B9A}.Release|Any CPU.Build.0 = Release|Any CPU
		{769B1FC3-DFA1-4C8C-B720-33D9375543E7}.Debug|Any CPU.ActiveCfg = Debug|Any CPU
		{769B1FC3-DFA1-4C8C-B720-33D9375543E7}.Debug|Any CPU.Build.0 = Debug|Any CPU
		{769B1FC3-DFA1-4C8C-B720-33D9375543E7}.Release|Any CPU.ActiveCfg = Release|Any CPU
		{769B1FC3-DFA1-4C8C-B720-33D9375543E7}.Release|Any CPU.Build.0 = Release|Any CPU
		{38F151D1-752F-4E52-A448-7457D68C394E}.Debug|Any CPU.ActiveCfg = Debug|Any CPU
		{38F151D1-752F-4E52-A448-7457D68C394E}.Debug|Any CPU.Build.0 = Debug|Any CPU
		{38F151D1-752F-4E52-A448-7457D68C394E}.Release|Any CPU.ActiveCfg = Release|Any CPU
		{38F151D1-752F-4E52-A448-7457D68C394E}.Release|Any CPU.Build.0 = Release|Any CPU
		{EBFE276B-4913-4E1D-A19E-C917C4F97A95}.Debug|Any CPU.ActiveCfg = Debug|Any CPU
		{EBFE276B-4913-4E1D-A19E-C917C4F97A95}.Debug|Any CPU.Build.0 = Debug|Any CPU
		{EBFE276B-4913-4E1D-A19E-C917C4F97A95}.Release|Any CPU.ActiveCfg = Release|Any CPU
		{EBFE276B-4913-4E1D-A19E-C917C4F97A95}.Release|Any CPU.Build.0 = Release|Any CPU
		{714439F4-8CBD-4A83-BD10-844E804EAD0A}.Debug|Any CPU.ActiveCfg = Debug|Any CPU
		{714439F4-8CBD-4A83-BD10-844E804EAD0A}.Debug|Any CPU.Build.0 = Debug|Any CPU
		{714439F4-8CBD-4A83-BD10-844E804EAD0A}.Release|Any CPU.ActiveCfg = Release|Any CPU
		{714439F4-8CBD-4A83-BD10-844E804EAD0A}.Release|Any CPU.Build.0 = Release|Any CPU
		{9A4FCF60-FC99-46F3-A405-8B8751D46DF2}.Debug|Any CPU.ActiveCfg = Debug|Any CPU
		{9A4FCF60-FC99-46F3-A405-8B8751D46DF2}.Debug|Any CPU.Build.0 = Debug|Any CPU
		{9A4FCF60-FC99-46F3-A405-8B8751D46DF2}.Release|Any CPU.ActiveCfg = Release|Any CPU
		{9A4FCF60-FC99-46F3-A405-8B8751D46DF2}.Release|Any CPU.Build.0 = Release|Any CPU
		{568F3BD9-067B-4C26-8024-F307416409DF}.Debug|Any CPU.ActiveCfg = Debug|Any CPU
		{568F3BD9-067B-4C26-8024-F307416409DF}.Debug|Any CPU.Build.0 = Debug|Any CPU
		{568F3BD9-067B-4C26-8024-F307416409DF}.Release|Any CPU.ActiveCfg = Release|Any CPU
		{568F3BD9-067B-4C26-8024-F307416409DF}.Release|Any CPU.Build.0 = Release|Any CPU
		{A0C1364E-09E1-429F-888F-7F9B26C77527}.Debug|Any CPU.ActiveCfg = Debug|Any CPU
		{A0C1364E-09E1-429F-888F-7F9B26C77527}.Debug|Any CPU.Build.0 = Debug|Any CPU
		{A0C1364E-09E1-429F-888F-7F9B26C77527}.Release|Any CPU.ActiveCfg = Release|Any CPU
		{A0C1364E-09E1-429F-888F-7F9B26C77527}.Release|Any CPU.Build.0 = Release|Any CPU
	EndGlobalSection
	GlobalSection(SolutionProperties) = preSolution
		HideSolutionNode = FALSE
	EndGlobalSection
	GlobalSection(NestedProjects) = preSolution
		{0CBDEC20-F26F-49BA-BC77-BCF0234CDC4A} = {A42282FC-BA7B-4F10-9208-CF27ADD75781}
		{34E1755A-66A9-4428-B8D3-B3C32AA8A4B5} = {A42282FC-BA7B-4F10-9208-CF27ADD75781}
		{5C790F5D-25FB-48E3-8564-D8C618F3F89B} = {A42282FC-BA7B-4F10-9208-CF27ADD75781}
		{21797D78-2887-460F-9E7E-5360A16C6DCE} = {A42282FC-BA7B-4F10-9208-CF27ADD75781}
		{EAAC5B1E-E704-4233-97CE-9FD309CEBD9F} = {A42282FC-BA7B-4F10-9208-CF27ADD75781}
		{4F5FB4DD-52CD-4FA6-9177-A994A6AAA2E5} = {F4AF5966-D017-48B8-ADF0-4E764E9470E1}
		{11BB8CCB-CA05-44B6-BB16-18107F00E60D} = {4F5FB4DD-52CD-4FA6-9177-A994A6AAA2E5}
		{38F151D1-752F-4E52-A448-7457D68C394E} = {4F5FB4DD-52CD-4FA6-9177-A994A6AAA2E5}
		{EBFE276B-4913-4E1D-A19E-C917C4F97A95} = {4F5FB4DD-52CD-4FA6-9177-A994A6AAA2E5}
		{714439F4-8CBD-4A83-BD10-844E804EAD0A} = {4F5FB4DD-52CD-4FA6-9177-A994A6AAA2E5}
		{9A4FCF60-FC99-46F3-A405-8B8751D46DF2} = {4F5FB4DD-52CD-4FA6-9177-A994A6AAA2E5}
		{BFD397A4-42A3-4C42-9563-569B3D0B6B9A} = {E2B61D84-AC66-4FD2-A555-B356FB302AE6}
		{3812BF2A-26F5-4CD0-AA7D-AC85BA726A96} = {E2B61D84-AC66-4FD2-A555-B356FB302AE6}
		{769B1FC3-DFA1-4C8C-B720-33D9375543E7} = {E2B61D84-AC66-4FD2-A555-B356FB302AE6}
		{531B229D-52EF-458E-91C8-F7BC64FB38C3} = {E2B61D84-AC66-4FD2-A555-B356FB302AE6}
		{A0C1364E-09E1-429F-888F-7F9B26C77527} = {0027F34B-10AA-4B2D-97DC-073D70E52B83}
		{568F3BD9-067B-4C26-8024-F307416409DF} = {0027F34B-10AA-4B2D-97DC-073D70E52B83}
		{7E2A124A-D5D5-4971-B1FF-408EFD3B331E} = {0027F34B-10AA-4B2D-97DC-073D70E52B83}
	EndGlobalSection
EndGlobal
