
Microsoft Visual Studio Solution File, Format Version 12.00
# Visual Studio 2012
Project("{FAE04EC0-301F-11D3-BF4B-00C04F79EFBC}") = "Snitz.Web", "Snitz.Web\Snitz.Web.csproj", "{91868391-3B20-4A10-9DD7-AB2C2EE9B3A8}"
	ProjectSection(ProjectDependencies) = postProject
		{11BB8CCB-CA05-44B6-BB16-18107F00E60D} = {11BB8CCB-CA05-44B6-BB16-18107F00E60D}
	EndProjectSection
EndProject
Project("{FAE04EC0-301F-11D3-BF4B-00C04F79EFBC}") = "Snitz.EventsCalendar.UI", "Plugins\EventCalendar\Snitz.EventsCalendar.UI\Snitz.EventsCalendar.UI.csproj", "{11BB8CCB-CA05-44B6-BB16-18107F00E60D}"
EndProject
Project("{2150E333-8FDC-42A3-9474-1A3956D46DE8}") = "Dependency", "Dependency", "{2B0A8785-BE3A-4B88-A8CA-42EF44E93ECD}"
	ProjectSection(SolutionItems) = preProject
		copyright.snippet = copyright.snippet
		Dependency\Cryptos.dll = Dependency\Cryptos.dll
		Dependency\CSSFriendly.dll = Dependency\CSSFriendly.dll
		Dependency\RealWorld.Grids.dll = Dependency\RealWorld.Grids.dll
		Dependency\Snitz.BLL.dll = Dependency\Snitz.BLL.dll
		Dependency\Snitz.Entities.dll = Dependency\Snitz.Entities.dll
		Dependency\Snitz.IDAL.dll = Dependency\Snitz.IDAL.dll
		Dependency\Snitz.ThirdParty.dll = Dependency\Snitz.ThirdParty.dll
		Dependency\Snitz.Utility.dll = Dependency\Snitz.Utility.dll
		Dependency\SnitzBase.dll = Dependency\SnitzBase.dll
		Dependency\SnitzCommon.dll = Dependency\SnitzCommon.dll
		Dependency\SnitzConfig.dll = Dependency\SnitzConfig.dll
		Dependency\SnitzMembership.dll = Dependency\SnitzMembership.dll
		Dependency\WebOptimizer.dll = Dependency\WebOptimizer.dll
	EndProjectSection
EndProject
Project("{2150E333-8FDC-42A3-9474-1A3956D46DE8}") = "Plugins", "Plugins", "{F4AF5966-D017-48B8-ADF0-4E764E9470E1}"
EndProject
Project("{2150E333-8FDC-42A3-9474-1A3956D46DE8}") = "EventCalendar", "EventCalendar", "{4F5FB4DD-52CD-4FA6-9177-A994A6AAA2E5}"
EndProject
Project("{FAE04EC0-301F-11D3-BF4B-00C04F79EFBC}") = "Snitz.EventsCalendar.IDAL", "Plugins\EventCalendar\Snitz.EventsCalendar.IDAL\Snitz.EventsCalendar.IDAL.csproj", "{38F151D1-752F-4E52-A448-7457D68C394E}"
EndProject
Project("{FAE04EC0-301F-11D3-BF4B-00C04F79EFBC}") = "Snitz.EventsCalendar.BLL", "Plugins\EventCalendar\Snitz.EventsCalendar.BLL\Snitz.EventsCalendar.BLL.csproj", "{EBFE276B-4913-4E1D-A19E-C917C4F97A95}"
EndProject
Project("{FAE04EC0-301F-11D3-BF4B-00C04F79EFBC}") = "Snitz.EventsCalendar.SQLServerDAL", "Plugins\EventCalendar\Snitz.EventsCalendar.SQLServerDAL\Snitz.EventsCalendar.SQLServerDAL.csproj", "{714439F4-8CBD-4A83-BD10-844E804EAD0A}"
EndProject
Project("{FAE04EC0-301F-11D3-BF4B-00C04F79EFBC}") = "Snitz.EventsCalendar.Entities", "Plugins\EventCalendar\Snitz.EventsCalendar.Common\Snitz.EventsCalendar.Entities.csproj", "{9A4FCF60-FC99-46F3-A405-8B8751D46DF2}"
EndProject
Project("{FAE04EC0-301F-11D3-BF4B-00C04F79EFBC}") = "Snitz.EventsCalendar.OleDbDAL", "Plugins\EventCalendar\Snitz.EventsCalendar.OleDbDAL\Snitz.EventsCalendar.OleDbDAL.csproj", "{8FCEBD4F-BC92-4AFF-9892-6C79CC54A786}"
EndProject
Project("{FAE04EC0-301F-11D3-BF4B-00C04F79EFBC}") = "OleDbTest", "OleDbTest\OleDbTest.csproj", "{D2120A55-4102-4F7C-9558-8E22CFAD605A}"
EndProject
Global
	GlobalSection(SolutionConfigurationPlatforms) = preSolution
		Debug|Any CPU = Debug|Any CPU
		Release|Any CPU = Release|Any CPU
	EndGlobalSection
	GlobalSection(ProjectConfigurationPlatforms) = postSolution
		{91868391-3B20-4A10-9DD7-AB2C2EE9B3A8}.Debug|Any CPU.ActiveCfg = Debug|Any CPU
		{91868391-3B20-4A10-9DD7-AB2C2EE9B3A8}.Debug|Any CPU.Build.0 = Debug|Any CPU
		{91868391-3B20-4A10-9DD7-AB2C2EE9B3A8}.Release|Any CPU.ActiveCfg = Release|Any CPU
		{91868391-3B20-4A10-9DD7-AB2C2EE9B3A8}.Release|Any CPU.Build.0 = Release|Any CPU
		{11BB8CCB-CA05-44B6-BB16-18107F00E60D}.Debug|Any CPU.ActiveCfg = Debug|Any CPU
		{11BB8CCB-CA05-44B6-BB16-18107F00E60D}.Debug|Any CPU.Build.0 = Debug|Any CPU
		{11BB8CCB-CA05-44B6-BB16-18107F00E60D}.Release|Any CPU.ActiveCfg = Release|Any CPU
		{11BB8CCB-CA05-44B6-BB16-18107F00E60D}.Release|Any CPU.Build.0 = Release|Any CPU
		{38F151D1-752F-4E52-A448-7457D68C394E}.Debug|Any CPU.ActiveCfg = Debug|Any CPU
		{38F151D1-752F-4E52-A448-7457D68C394E}.Debug|Any CPU.Build.0 = Debug|Any CPU
		{38F151D1-752F-4E52-A448-7457D68C394E}.Release|Any CPU.ActiveCfg = Release|Any CPU
		{38F151D1-752F-4E52-A448-7457D68C394E}.Release|Any CPU.Build.0 = Release|Any CPU
		{EBFE276B-4913-4E1D-A19E-C917C4F97A95}.Debug|Any CPU.ActiveCfg = Debug|Any CPU
		{EBFE276B-4913-4E1D-A19E-C917C4F97A95}.Debug|Any CPU.Build.0 = Debug|Any CPU
		{EBFE276B-4913-4E1D-A19E-C917C4F97A95}.Release|Any CPU.ActiveCfg = Release|Any CPU
		{EBFE276B-4913-4E1D-A19E-C917C4F97A95}.Release|Any CPU.Build.0 = Release|Any CPU
		{714439F4-8CBD-4A83-BD10-844E804EAD0A}.Debug|Any CPU.ActiveCfg = Debug|Any CPU
		{714439F4-8CBD-4A83-BD10-844E804EAD0A}.Debug|Any CPU.Build.0 = Debug|Any CPU
		{714439F4-8CBD-4A83-BD10-844E804EAD0A}.Release|Any CPU.ActiveCfg = Release|Any CPU
		{714439F4-8CBD-4A83-BD10-844E804EAD0A}.Release|Any CPU.Build.0 = Release|Any CPU
		{9A4FCF60-FC99-46F3-A405-8B8751D46DF2}.Debug|Any CPU.ActiveCfg = Debug|Any CPU
		{9A4FCF60-FC99-46F3-A405-8B8751D46DF2}.Debug|Any CPU.Build.0 = Debug|Any CPU
		{9A4FCF60-FC99-46F3-A405-8B8751D46DF2}.Release|Any CPU.ActiveCfg = Release|Any CPU
		{9A4FCF60-FC99-46F3-A405-8B8751D46DF2}.Release|Any CPU.Build.0 = Release|Any CPU
		{8FCEBD4F-BC92-4AFF-9892-6C79CC54A786}.Debug|Any CPU.ActiveCfg = Debug|Any CPU
		{8FCEBD4F-BC92-4AFF-9892-6C79CC54A786}.Debug|Any CPU.Build.0 = Debug|Any CPU
		{8FCEBD4F-BC92-4AFF-9892-6C79CC54A786}.Release|Any CPU.ActiveCfg = Release|Any CPU
		{8FCEBD4F-BC92-4AFF-9892-6C79CC54A786}.Release|Any CPU.Build.0 = Release|Any CPU
		{D2120A55-4102-4F7C-9558-8E22CFAD605A}.Debug|Any CPU.ActiveCfg = Debug|Any CPU
		{D2120A55-4102-4F7C-9558-8E22CFAD605A}.Debug|Any CPU.Build.0 = Debug|Any CPU
		{D2120A55-4102-4F7C-9558-8E22CFAD605A}.Release|Any CPU.ActiveCfg = Release|Any CPU
		{D2120A55-4102-4F7C-9558-8E22CFAD605A}.Release|Any CPU.Build.0 = Release|Any CPU
	EndGlobalSection
	GlobalSection(SolutionProperties) = preSolution
		HideSolutionNode = FALSE
	EndGlobalSection
	GlobalSection(NestedProjects) = preSolution
		{4F5FB4DD-52CD-4FA6-9177-A994A6AAA2E5} = {F4AF5966-D017-48B8-ADF0-4E764E9470E1}
		{11BB8CCB-CA05-44B6-BB16-18107F00E60D} = {4F5FB4DD-52CD-4FA6-9177-A994A6AAA2E5}
		{38F151D1-752F-4E52-A448-7457D68C394E} = {4F5FB4DD-52CD-4FA6-9177-A994A6AAA2E5}
		{EBFE276B-4913-4E1D-A19E-C917C4F97A95} = {4F5FB4DD-52CD-4FA6-9177-A994A6AAA2E5}
		{714439F4-8CBD-4A83-BD10-844E804EAD0A} = {4F5FB4DD-52CD-4FA6-9177-A994A6AAA2E5}
		{9A4FCF60-FC99-46F3-A405-8B8751D46DF2} = {4F5FB4DD-52CD-4FA6-9177-A994A6AAA2E5}
		{8FCEBD4F-BC92-4AFF-9892-6C79CC54A786} = {4F5FB4DD-52CD-4FA6-9177-A994A6AAA2E5}
	EndGlobalSection
EndGlobal
